{
    "_readme": [
        "This file locks the dependencies of your project to a known state",
        "Read more about it at https://getcomposer.org/doc/01-basic-usage.md#composer-lock-the-lock-file",
        "This file is @generated automatically"
    ],
    "hash": "e81644618709bec91bfa07359119d5a0",
    "content-hash": "c38b8f71aae393f5f605681a67223d93",
    "packages": [
        {
            "name": "rickselby/php-nbt-decoder-encoder",
            "version": "2.0.0",
            "source": {
                "type": "git",
                "url": "https://github.com/rickselby/PHP-NBT-Decoder-Encoder",
                "reference": "7eb14d90f28571cffdff229fd522e1d4a0917672"
            },
            "require": {
                "php": ">=5.3.0"
            },
            "type": "library",
            "autoload": {
                "psr-0": {
                    "Nbt": "lib/"
                }
            },
            "license": [
                "GNU"
            ],
            "authors": [
                {
                    "name": "Justin Martin",
                    "email": "frozenfire@thefrozenfire.com",
                    "homepage": "https://github.com/TheFrozenFire",
                    "role": "Developer"
                },
                {
                    "name": "James Lowe",
                    "homepage": "https://github.com/jegol",
                    "role": "Developer"
                },
                {
                    "name": "Kevin Andrews",
                    "email": "kevin@zvps.co.uk",
                    "homepage": "https://github.com/Caffe1neAdd1ct",
                    "role": "Developer"
                },
                {
                    "name": "Rick Selby",
                    "homepage": "https://github.com/rickselby",
                    "role": "Developer"
                }
            ],
            "description": "A PHP-based NBT format decoder and encoder, for the Minecraft NBT format.",
            "homepage": "https://github.com/rickselby/PHP-NBT-Decoder-Encoder",
            "keywords": [
                "NBT",
                "binary",
                "decode",
                "encode"
            ],
            "time": "2015-10-06 15:34:10"
        }
    ],
    "packages-dev": [],
    "aliases": [],
    "minimum-stability": "stable",
    "stability-flags": [],
    "prefer-stable": false,
    "prefer-lowest": false,
    "platform": {
        "php": ">=5.5.0"
    },
    "platform-dev": []
}
