{
    "_readme": [
        "This file locks the dependencies of your project to a known state",
        "Read more about it at https://getcomposer.org/doc/01-basic-usage.md#composer-lock-the-lock-file",
        "This file is @generated automatically"
    ],
    "hash": "b330139361aca3a9093b171c9fa7e1fd",
    "content-hash": "d4eaa39bc4fac0e16d2889b6e24ebc72",
    "packages": [
        {
            "name": "nicmart/tree",
            "version": "v0.2.7",
            "source": {
                "type": "git",
                "url": "https://github.com/nicmart/Tree.git",
                "reference": "0616b54bb49938e1a816141d7943db48ebf76938"
            },
            "dist": {
                "type": "zip",
                "url": "https://api.github.com/repos/nicmart/Tree/zipball/0616b54bb49938e1a816141d7943db48ebf76938",
                "reference": "0616b54bb49938e1a816141d7943db48ebf76938",
                "shasum": ""
            },
            "require": {
                "php": ">=5.4"
            },
            "type": "library",
            "autoload": {
                "psr-4": {
                    "Tree\\": "src/"
                }
            },
            "notification-url": "https://packagist.org/downloads/",
            "license": [
                "MIT"
            ],
            "authors": [
                {
                    "name": "Nicolò Martini",
                    "email": "nicmartnic@gmail.com"
                }
            ],
            "description": "A basic but flexible php tree data structure and a fluent tree builder implementation.",
            "time": "2015-08-20 20:50:35"
        },
        {
            "name": "rickselby/php-nbt-decoder-encoder",
            "version": "3.0.1",
            "source": {
                "type": "git",
                "url": "https://github.com/rickselby/PHP-NBT-Decoder-Encoder",
                "reference": "8528dd5ed9bc91a9691c0b7479505010774f1a53"
            },
            "require": {
                "nicmart/tree": "~0.2",
                "php": ">=5.4.0"
            },
            "type": "library",
            "autoload": {
                "psr-0": {
                    "Nbt": "lib/"
                }
            },
            "license": [
                "GNU"
            ],
            "authors": [
                {
                    "name": "Justin Martin",
                    "email": "frozenfire@thefrozenfire.com",
                    "homepage": "https://github.com/TheFrozenFire",
                    "role": "Developer"
                },
                {
                    "name": "James Lowe",
                    "homepage": "https://github.com/jegol",
                    "role": "Developer"
                },
                {
                    "name": "Kevin Andrews",
                    "email": "kevin@zvps.co.uk",
                    "homepage": "https://github.com/Caffe1neAdd1ct",
                    "role": "Developer"
                },
                {
                    "name": "Rick Selby",
                    "email": "rick@selby-family.co.uk",
                    "homepage": "https://github.com/rickselby",
                    "role": "Developer"
                }
            ],
            "description": "A PHP-based NBT format decoder and encoder, for the Minecraft NBT format.",
            "homepage": "https://github.com/rickselby/PHP-NBT-Decoder-Encoder",
            "keywords": [
                "NBT",
                "binary",
                "decode",
                "encode"
            ],
            "time": "2015-10-08 14:03:45"
        }
    ],
    "packages-dev": [],
    "aliases": [],
    "minimum-stability": "stable",
    "stability-flags": [],
    "prefer-stable": false,
    "prefer-lowest": false,
    "platform": {
        "php": ">=5.5.0"
    },
    "platform-dev": []
}
